// !$*UTF8*$!
{
	archiveVersion = 1;
	classes = {
	};
	objectVersion = 56;
	objects = {

/* Begin PBXBuildFile section */
		5978F50E2A80585E2ACC4B15 /* Pods_InstaClone.framework in Frameworks */ = {isa = PBXBuildFile; fileRef = C4D1F1B7C5E457E91004CC7A /* Pods_InstaClone.framework */; };
		7F29E8F42AA0AA7B0012ED72 /* AppDelegate.swift in Sources */ = {isa = PBXBuildFile; fileRef = 7F29E8F32AA0AA7B0012ED72 /* AppDelegate.swift */; };
		7F29E8F62AA0AA7B0012ED72 /* SceneDelegate.swift in Sources */ = {isa = PBXBuildFile; fileRef = 7F29E8F52AA0AA7B0012ED72 /* SceneDelegate.swift */; };
		7F29E8F82AA0AA7B0012ED72 /* ViewController.swift in Sources */ = {isa = PBXBuildFile; fileRef = 7F29E8F72AA0AA7B0012ED72 /* ViewController.swift */; };
		7F29E8FB2AA0AA7B0012ED72 /* Main.storyboard in Resources */ = {isa = PBXBuildFile; fileRef = 7F29E8F92AA0AA7B0012ED72 /* Main.storyboard */; };
		7F29E8FE2AA0AA7B0012ED72 /* InstaClone.xcdatamodeld in Sources */ = {isa = PBXBuildFile; fileRef = 7F29E8FC2AA0AA7B0012ED72 /* InstaClone.xcdatamodeld */; };
		7F29E9002AA0AA7C0012ED72 /* Assets.xcassets in Resources */ = {isa = PBXBuildFile; fileRef = 7F29E8FF2AA0AA7C0012ED72 /* Assets.xcassets */; };
		7F29E9032AA0AA7C0012ED72 /* LaunchScreen.storyboard in Resources */ = {isa = PBXBuildFile; fileRef = 7F29E9012AA0AA7C0012ED72 /* LaunchScreen.storyboard */; };
		7F318A412AACC208000F6835 /* GoogleService-Info.plist in Resources */ = {isa = PBXBuildFile; fileRef = 7F318A402AACC208000F6835 /* GoogleService-Info.plist */; };
		7FA04CA42AA285DB00020C6A /* FeedViewController.swift in Sources */ = {isa = PBXBuildFile; fileRef = 7FA04CA32AA285DB00020C6A /* FeedViewController.swift */; };
		7FA04CA62AA285F200020C6A /* UploadViewController.swift in Sources */ = {isa = PBXBuildFile; fileRef = 7FA04CA52AA285F200020C6A /* UploadViewController.swift */; };
		7FA04CA82AA285FD00020C6A /* SettingsViewController.swift in Sources */ = {isa = PBXBuildFile; fileRef = 7FA04CA72AA285FD00020C6A /* SettingsViewController.swift */; };
		7FEC74D42AADFF9100484EE1 /* FeedCell.swift in Sources */ = {isa = PBXBuildFile; fileRef = 7FEC74D32AADFF9100484EE1 /* FeedCell.swift */; };
/* End PBXBuildFile section */

/* Begin PBXFileReference section */
		57838ACE9FDCBC871E66FA9C /* Pods-InstaClone.release.xcconfig */ = {isa = PBXFileReference; includeInIndex = 1; lastKnownFileType = text.xcconfig; name = "Pods-InstaClone.release.xcconfig"; path = "Target Support Files/Pods-InstaClone/Pods-InstaClone.release.xcconfig"; sourceTree = "<group>"; };
		7F29E8F02AA0AA7B0012ED72 /* InstaClone.app */ = {isa = PBXFileReference; explicitFileType = wrapper.application; includeInIndex = 0; path = InstaClone.app; sourceTree = BUILT_PRODUCTS_DIR; };
		7F29E8F32AA0AA7B0012ED72 /* AppDelegate.swift */ = {isa = PBXFileReference; lastKnownFileType = sourcecode.swift; path = AppDelegate.swift; sourceTree = "<group>"; };
		7F29E8F52AA0AA7B0012ED72 /* SceneDelegate.swift */ = {isa = PBXFileReference; lastKnownFileType = sourcecode.swift; path = SceneDelegate.swift; sourceTree = "<group>"; };
		7F29E8F72AA0AA7B0012ED72 /* ViewController.swift */ = {isa = PBXFileReference; lastKnownFileType = sourcecode.swift; path = ViewController.swift; sourceTree = "<group>"; };
		7F29E8FA2AA0AA7B0012ED72 /* Base */ = {isa = PBXFileReference; lastKnownFileType = file.storyboard; name = Base; path = Base.lproj/Main.storyboard; sourceTree = "<group>"; };
		7F29E8FD2AA0AA7B0012ED72 /* InstaClone.xcdatamodel */ = {isa = PBXFileReference; lastKnownFileType = wrapper.xcdatamodel; path = InstaClone.xcdatamodel; sourceTree = "<group>"; };
		7F29E8FF2AA0AA7C0012ED72 /* Assets.xcassets */ = {isa = PBXFileReference; lastKnownFileType = folder.assetcatalog; path = Assets.xcassets; sourceTree = "<group>"; };
		7F29E9022AA0AA7C0012ED72 /* Base */ = {isa = PBXFileReference; lastKnownFileType = file.storyboard; name = Base; path = Base.lproj/LaunchScreen.storyboard; sourceTree = "<group>"; };
		7F29E9042AA0AA7C0012ED72 /* Info.plist */ = {isa = PBXFileReference; lastKnownFileType = text.plist.xml; path = Info.plist; sourceTree = "<group>"; };
		7F318A402AACC208000F6835 /* GoogleService-Info.plist */ = {isa = PBXFileReference; fileEncoding = 4; lastKnownFileType = text.plist.xml; name = "GoogleService-Info.plist"; path = "../../../../../Downloads/GoogleService-Info.plist"; sourceTree = "<group>"; };
		7FA04CA32AA285DB00020C6A /* FeedViewController.swift */ = {isa = PBXFileReference; lastKnownFileType = sourcecode.swift; path = FeedViewController.swift; sourceTree = "<group>"; };
		7FA04CA52AA285F200020C6A /* UploadViewController.swift */ = {isa = PBXFileReference; lastKnownFileType = sourcecode.swift; path = UploadViewController.swift; sourceTree = "<group>"; };
		7FA04CA72AA285FD00020C6A /* SettingsViewController.swift */ = {isa = PBXFileReference; lastKnownFileType = sourcecode.swift; path = SettingsViewController.swift; sourceTree = "<group>"; };
		7FEC74D32AADFF9100484EE1 /* FeedCell.swift */ = {isa = PBXFileReference; lastKnownFileType = sourcecode.swift; path = FeedCell.swift; sourceTree = "<group>"; };
		88B1CC48898C5F14C1E02351 /* Pods-InstaClone.debug.xcconfig */ = {isa = PBXFileReference; includeInIndex = 1; lastKnownFileType = text.xcconfig; name = "Pods-InstaClone.debug.xcconfig"; path = "Target Support Files/Pods-InstaClone/Pods-InstaClone.debug.xcconfig"; sourceTree = "<group>"; };
		C4D1F1B7C5E457E91004CC7A /* Pods_InstaClone.framework */ = {isa = PBXFileReference; explicitFileType = wrapper.framework; includeInIndex = 0; path = Pods_InstaClone.framework; sourceTree = BUILT_PRODUCTS_DIR; };
/* End PBXFileReference section */

/* Begin PBXFrameworksBuildPhase section */
		7F29E8ED2AA0AA7B0012ED72 /* Frameworks */ = {
			isa = PBXFrameworksBuildPhase;
			buildActionMask = 2147483647;
			files = (
				5978F50E2A80585E2ACC4B15 /* Pods_InstaClone.framework in Frameworks */,
			);
			runOnlyForDeploymentPostprocessing = 0;
		};
/* End PBXFrameworksBuildPhase section */

/* Begin PBXGroup section */
		7F29E8E72AA0AA7B0012ED72 = {
			isa = PBXGroup;
			children = (
				7F29E8F22AA0AA7B0012ED72 /* InstaClone */,
				7F29E8F12AA0AA7B0012ED72 /* Products */,
				FE75C28A598C96C23D4F8CE6 /* Pods */,
				BED49DD734253EA1FD99A189 /* Frameworks */,
			);
			sourceTree = "<group>";
		};
		7F29E8F12AA0AA7B0012ED72 /* Products */ = {
			isa = PBXGroup;
			children = (
				7F29E8F02AA0AA7B0012ED72 /* InstaClone.app */,
			);
			name = Products;
			sourceTree = "<group>";
		};
		7F29E8F22AA0AA7B0012ED72 /* InstaClone */ = {
			isa = PBXGroup;
			children = (
				7F29E8F32AA0AA7B0012ED72 /* AppDelegate.swift */,
				7F29E8F52AA0AA7B0012ED72 /* SceneDelegate.swift */,
				7F29E8F72AA0AA7B0012ED72 /* ViewController.swift */,
				7F29E8F92AA0AA7B0012ED72 /* Main.storyboard */,
				7F29E8FF2AA0AA7C0012ED72 /* Assets.xcassets */,
				7F29E9012AA0AA7C0012ED72 /* LaunchScreen.storyboard */,
				7F29E9042AA0AA7C0012ED72 /* Info.plist */,
				7F318A402AACC208000F6835 /* GoogleService-Info.plist */,
				7F29E8FC2AA0AA7B0012ED72 /* InstaClone.xcdatamodeld */,
				7FA04CA32AA285DB00020C6A /* FeedViewController.swift */,
				7FA04CA52AA285F200020C6A /* UploadViewController.swift */,
				7FA04CA72AA285FD00020C6A /* SettingsViewController.swift */,
				7FEC74D32AADFF9100484EE1 /* FeedCell.swift */,
			);
			path = InstaClone;
			sourceTree = "<group>";
		};
		BED49DD734253EA1FD99A189 /* Frameworks */ = {
			isa = PBXGroup;
			children = (
				C4D1F1B7C5E457E91004CC7A /* Pods_InstaClone.framework */,
			);
			name = Frameworks;
			sourceTree = "<group>";
		};
		FE75C28A598C96C23D4F8CE6 /* Pods */ = {
			isa = PBXGroup;
			children = (
				88B1CC48898C5F14C1E02351 /* Pods-InstaClone.debug.xcconfig */,
				57838ACE9FDCBC871E66FA9C /* Pods-InstaClone.release.xcconfig */,
			);
			path = Pods;
			sourceTree = "<group>";
		};
/* End PBXGroup section */

/* Begin PBXNativeTarget section */
		7F29E8EF2AA0AA7B0012ED72 /* InstaClone */ = {
			isa = PBXNativeTarget;
			buildConfigurationList = 7F29E9072AA0AA7C0012ED72 /* Build configuration list for PBXNativeTarget "InstaClone" */;
			buildPhases = (
				4D088180544F09F6BE6964A1 /* [CP] Check Pods Manifest.lock */,
				7F29E8EC2AA0AA7B0012ED72 /* Sources */,
				7F29E8ED2AA0AA7B0012ED72 /* Frameworks */,
				7F29E8EE2AA0AA7B0012ED72 /* Resources */,
				F953015866ECF677B2C97E99 /* [CP] Embed Pods Frameworks */,
			);
			buildRules = (
			);
			dependencies = (
			);
			name = InstaClone;
			productName = InstaClone;
			productReference = 7F29E8F02AA0AA7B0012ED72 /* InstaClone.app */;
			productType = "com.apple.product-type.application";
		};
/* End PBXNativeTarget section */

/* Begin PBXProject section */
		7F29E8E82AA0AA7B0012ED72 /* Project object */ = {
			isa = PBXProject;
			attributes = {
				BuildIndependentTargetsInParallel = 1;
				LastSwiftUpdateCheck = 1430;
				LastUpgradeCheck = 1430;
				TargetAttributes = {
					7F29E8EF2AA0AA7B0012ED72 = {
						CreatedOnToolsVersion = 14.3.1;
					};
				};
			};
			buildConfigurationList = 7F29E8EB2AA0AA7B0012ED72 /* Build configuration list for PBXProject "InstaClone" */;
			compatibilityVersion = "Xcode 14.0";
			developmentRegion = en;
			hasScannedForEncodings = 0;
			knownRegions = (
				en,
				Base,
			);
			mainGroup = 7F29E8E72AA0AA7B0012ED72;
			productRefGroup = 7F29E8F12AA0AA7B0012ED72 /* Products */;
			projectDirPath = "";
			projectRoot = "";
			targets = (
				7F29E8EF2AA0AA7B0012ED72 /* InstaClone */,
			);
		};
/* End PBXProject section */

/* Begin PBXResourcesBuildPhase section */
		7F29E8EE2AA0AA7B0012ED72 /* Resources */ = {
			isa = PBXResourcesBuildPhase;
			buildActionMask = 2147483647;
			files = (
				7F29E9032AA0AA7C0012ED72 /* LaunchScreen.storyboard in Resources */,
				7F318A412AACC208000F6835 /* GoogleService-Info.plist in Resources */,
				7F29E9002AA0AA7C0012ED72 /* Assets.xcassets in Resources */,
				7F29E8FB2AA0AA7B0012ED72 /* Main.storyboard in Resources */,
			);
			runOnlyForDeploymentPostprocessing = 0;
		};
/* End PBXResourcesBuildPhase section */

/* Begin PBXShellScriptBuildPhase section */
		4D088180544F09F6BE6964A1 /* [CP] Check Pods Manifest.lock */ = {
			isa = PBXShellScriptBuildPhase;
			buildActionMask = 2147483647;
			files = (
			);
			inputFileListPaths = (
			);
			inputPaths = (
				"${PODS_PODFILE_DIR_PATH}/Podfile.lock",
				"${PODS_ROOT}/Manifest.lock",
			);
			name = "[CP] Check Pods Manifest.lock";
			outputFileListPaths = (
			);
			outputPaths = (
				"$(DERIVED_FILE_DIR)/Pods-InstaClone-checkManifestLockResult.txt",
			);
			runOnlyForDeploymentPostprocessing = 0;
			shellPath = /bin/sh;
			shellScript = "diff \"${PODS_PODFILE_DIR_PATH}/Podfile.lock\" \"${PODS_ROOT}/Manifest.lock\" > /dev/null\nif [ $? != 0 ] ; then\n    # print error to STDERR\n    echo \"error: The sandbox is not in sync with the Podfile.lock. Run 'pod install' or update your CocoaPods installation.\" >&2\n    exit 1\nfi\n# This output is used by Xcode 'outputs' to avoid re-running this script phase.\necho \"SUCCESS\" > \"${SCRIPT_OUTPUT_FILE_0}\"\n";
			showEnvVarsInLog = 0;
		};
		F953015866ECF677B2C97E99 /* [CP] Embed Pods Frameworks */ = {
			isa = PBXShellScriptBuildPhase;
			buildActionMask = 2147483647;
			files = (
			);
			inputFileListPaths = (
				"${PODS_ROOT}/Target Support Files/Pods-InstaClone/Pods-InstaClone-frameworks-${CONFIGURATION}-input-files.xcfilelist",
			);
			name = "[CP] Embed Pods Frameworks";
			outputFileListPaths = (
				"${PODS_ROOT}/Target Support Files/Pods-InstaClone/Pods-InstaClone-frameworks-${CONFIGURATION}-output-files.xcfilelist",
			);
			runOnlyForDeploymentPostprocessing = 0;
			shellPath = /bin/sh;
			shellScript = "\"${PODS_ROOT}/Target Support Files/Pods-InstaClone/Pods-InstaClone-frameworks.sh\"\n";
			showEnvVarsInLog = 0;
		};
/* End PBXShellScriptBuildPhase section */

/* Begin PBXSourcesBuildPhase section */
		7F29E8EC2AA0AA7B0012ED72 /* Sources */ = {
			isa = PBXSourcesBuildPhase;
			buildActionMask = 2147483647;
			files = (
				7F29E8F82AA0AA7B0012ED72 /* ViewController.swift in Sources */,
				7FA04CA62AA285F200020C6A /* UploadViewController.swift in Sources */,
				7FA04CA82AA285FD00020C6A /* SettingsViewController.swift in Sources */,
				7F29E8F42AA0AA7B0012ED72 /* AppDelegate.swift in Sources */,
				7FA04CA42AA285DB00020C6A /* FeedViewController.swift in Sources */,
				7FEC74D42AADFF9100484EE1 /* FeedCell.swift in Sources */,
				7F29E8F62AA0AA7B0012ED72 /* SceneDelegate.swift in Sources */,
				7F29E8FE2AA0AA7B0012ED72 /* InstaClone.xcdatamodeld in Sources */,
			);
			runOnlyForDeploymentPostprocessing = 0;
		};
/* End PBXSourcesBuildPhase section */

/* Begin PBXVariantGroup section */
		7F29E8F92AA0AA7B0012ED72 /* Main.storyboard */ = {
			isa = PBXVariantGroup;
			children = (
				7F29E8FA2AA0AA7B0012ED72 /* Base */,
			);
			name = Main.storyboard;
			sourceTree = "<group>";
		};
		7F29E9012AA0AA7C0012ED72 /* LaunchScreen.storyboard */ = {
			isa = PBXVariantGroup;
			children = (
				7F29E9022AA0AA7C0012ED72 /* Base */,
			);
			name = LaunchScreen.storyboard;
			sourceTree = "<group>";
		};
/* End PBXVariantGroup section */

/* Begin XCBuildConfiguration section */
		7F29E9052AA0AA7C0012ED72 /* Debug */ = {
			isa = XCBuildConfiguration;
			buildSettings = {
				ALWAYS_SEARCH_USER_PATHS = NO;
				CLANG_ANALYZER_NONNULL = YES;
				CLANG_ANALYZER_NUMBER_OBJECT_CONVERSION = YES_AGGRESSIVE;
				CLANG_CXX_LANGUAGE_STANDARD = "gnu++20";
				CLANG_ENABLE_MODULES = YES;
				CLANG_ENABLE_OBJC_ARC = YES;
				CLANG_ENABLE_OBJC_WEAK = YES;
				CLANG_WARN_BLOCK_CAPTURE_AUTORELEASING = YES;
				CLANG_WARN_BOOL_CONVERSION = YES;
				CLANG_WARN_COMMA = YES;
				CLANG_WARN_CONSTANT_CONVERSION = YES;
				CLANG_WARN_DEPRECATED_OBJC_IMPLEMENTATIONS = YES;
				CLANG_WARN_DIRECT_OBJC_ISA_USAGE = YES_ERROR;
				CLANG_WARN_DOCUMENTATION_COMMENTS = YES;
				CLANG_WARN_EMPTY_BODY = YES;
				CLANG_WARN_ENUM_CONVERSION = YES;
				CLANG_WARN_INFINITE_RECURSION = YES;
				CLANG_WARN_INT_CONVERSION = YES;
				CLANG_WARN_NON_LITERAL_NULL_CONVERSION = YES;
				CLANG_WARN_OBJC_IMPLICIT_RETAIN_SELF = YES;
				CLANG_WARN_OBJC_LITERAL_CONVERSION = YES;
				CLANG_WARN_OBJC_ROOT_CLASS = YES_ERROR;
				CLANG_WARN_QUOTED_INCLUDE_IN_FRAMEWORK_HEADER = YES;
				CLANG_WARN_RANGE_LOOP_ANALYSIS = YES;
				CLANG_WARN_STRICT_PROTOTYPES = YES;
				CLANG_WARN_SUSPICIOUS_MOVE = YES;
				CLANG_WARN_UNGUARDED_AVAILABILITY = YES_AGGRESSIVE;
				CLANG_WARN_UNREACHABLE_CODE = YES;
				CLANG_WARN__DUPLICATE_METHOD_MATCH = YES;
				COPY_PHASE_STRIP = NO;
				DEBUG_INFORMATION_FORMAT = dwarf;
				ENABLE_STRICT_OBJC_MSGSEND = YES;
				ENABLE_TESTABILITY = YES;
				GCC_C_LANGUAGE_STANDARD = gnu11;
				GCC_DYNAMIC_NO_PIC = NO;
				GCC_NO_COMMON_BLOCKS = YES;
				GCC_OPTIMIZATION_LEVEL = 0;
				GCC_PREPROCESSOR_DEFINITIONS = (
					"DEBUG=1",
					"$(inherited)",
				);
				GCC_WARN_64_TO_32_BIT_CONVERSION = YES;
				GCC_WARN_ABOUT_RETURN_TYPE = YES_ERROR;
				GCC_WARN_UNDECLARED_SELECTOR = YES;
				GCC_WARN_UNINITIALIZED_AUTOS = YES_AGGRESSIVE;
				GCC_WARN_UNUSED_FUNCTION = YES;
				GCC_WARN_UNUSED_VARIABLE = YES;
				IPHONEOS_DEPLOYMENT_TARGET = 16.4;
				MTL_ENABLE_DEBUG_INFO = INCLUDE_SOURCE;
				MTL_FAST_MATH = YES;
				ONLY_ACTIVE_ARCH = YES;
				SDKROOT = iphoneos;
				SWIFT_ACTIVE_COMPILATION_CONDITIONS = DEBUG;
				SWIFT_OPTIMIZATION_LEVEL = "-Onone";
			};
			name = Debug;
		};
		7F29E9062AA0AA7C0012ED72 /* Release */ = {
			isa = XCBuildConfiguration;
			buildSettings = {
				ALWAYS_SEARCH_USER_PATHS = NO;
				CLANG_ANALYZER_NONNULL = YES;
				CLANG_ANALYZER_NUMBER_OBJECT_CONVERSION = YES_AGGRESSIVE;
				CLANG_CXX_LANGUAGE_STANDARD = "gnu++20";
				CLANG_ENABLE_MODULES = YES;
				CLANG_ENABLE_OBJC_ARC = YES;
				CLANG_ENABLE_OBJC_WEAK = YES;
				CLANG_WARN_BLOCK_CAPTURE_AUTORELEASING = YES;
				CLANG_WARN_BOOL_CONVERSION = YES;
				CLANG_WARN_COMMA = YES;
				CLANG_WARN_CONSTANT_CONVERSION = YES;
				CLANG_WARN_DEPRECATED_OBJC_IMPLEMENTATIONS = YES;
				CLANG_WARN_DIRECT_OBJC_ISA_USAGE = YES_ERROR;
				CLANG_WARN_DOCUMENTATION_COMMENTS = YES;
				CLANG_WARN_EMPTY_BODY = YES;
				CLANG_WARN_ENUM_CONVERSION = YES;
				CLANG_WARN_INFINITE_RECURSION = YES;
				CLANG_WARN_INT_CONVERSION = YES;
				CLANG_WARN_NON_LITERAL_NULL_CONVERSION = YES;
				CLANG_WARN_OBJC_IMPLICIT_RETAIN_SELF = YES;
				CLANG_WARN_OBJC_LITERAL_CONVERSION = YES;
				CLANG_WARN_OBJC_ROOT_CLASS = YES_ERROR;
				CLANG_WARN_QUOTED_INCLUDE_IN_FRAMEWORK_HEADER = YES;
				CLANG_WARN_RANGE_LOOP_ANALYSIS = YES;
				CLANG_WARN_STRICT_PROTOTYPES = YES;
				CLANG_WARN_SUSPICIOUS_MOVE = YES;
				CLANG_WARN_UNGUARDED_AVAILABILITY = YES_AGGRESSIVE;
				CLANG_WARN_UNREACHABLE_CODE = YES;
				CLANG_WARN__DUPLICATE_METHOD_MATCH = YES;
				COPY_PHASE_STRIP = NO;
				DEBUG_INFORMATION_FORMAT = "dwarf-with-dsym";
				ENABLE_NS_ASSERTIONS = NO;
				ENABLE_STRICT_OBJC_MSGSEND = YES;
				GCC_C_LANGUAGE_STANDARD = gnu11;
				GCC_NO_COMMON_BLOCKS = YES;
				GCC_WARN_64_TO_32_BIT_CONVERSION = YES;
				GCC_WARN_ABOUT_RETURN_TYPE = YES_ERROR;
				GCC_WARN_UNDECLARED_SELECTOR = YES;
				GCC_WARN_UNINITIALIZED_AUTOS = YES_AGGRESSIVE;
				GCC_WARN_UNUSED_FUNCTION = YES;
				GCC_WARN_UNUSED_VARIABLE = YES;
				IPHONEOS_DEPLOYMENT_TARGET = 16.4;
				MTL_ENABLE_DEBUG_INFO = NO;
				MTL_FAST_MATH = YES;
				SDKROOT = iphoneos;
				SWIFT_COMPILATION_MODE = wholemodule;
				SWIFT_OPTIMIZATION_LEVEL = "-O";
				VALIDATE_PRODUCT = YES;
			};
			name = Release;
		};
		7F29E9082AA0AA7C0012ED72 /* Debug */ = {
			isa = XCBuildConfiguration;
			baseConfigurationReference = 88B1CC48898C5F14C1E02351 /* Pods-InstaClone.debug.xcconfig */;
			buildSettings = {
				ASSETCATALOG_COMPILER_APPICON_NAME = AppIcon;
				ASSETCATALOG_COMPILER_GLOBAL_ACCENT_COLOR_NAME = AccentColor;
				CODE_SIGN_STYLE = Automatic;
				CURRENT_PROJECT_VERSION = 1;
				DEVELOPMENT_TEAM = 2SYS44KBNT;
				GENERATE_INFOPLIST_FILE = YES;
				INFOPLIST_FILE = InstaClone/Info.plist;
				INFOPLIST_KEY_UIApplicationSupportsIndirectInputEvents = YES;
				INFOPLIST_KEY_UILaunchStoryboardName = LaunchScreen;
				INFOPLIST_KEY_UIMainStoryboardFile = Main;
				INFOPLIST_KEY_UISupportedInterfaceOrientations_iPad = "UIInterfaceOrientationPortrait UIInterfaceOrientationPortraitUpsideDown UIInterfaceOrientationLandscapeLeft UIInterfaceOrientationLandscapeRight";
				INFOPLIST_KEY_UISupportedInterfaceOrientations_iPhone = "UIInterfaceOrientationPortrait UIInterfaceOrientationLandscapeLeft UIInterfaceOrientationLandscapeRight";
				LD_RUNPATH_SEARCH_PATHS = (
					"$(inherited)",
					"@executable_path/Frameworks",
				);
				MARKETING_VERSION = 1.0;
				PRODUCT_BUNDLE_IDENTIFIER = com.berkgulsen.InstaClone;
				PRODUCT_NAME = "$(TARGET_NAME)";
				SWIFT_EMIT_LOC_STRINGS = YES;
				SWIFT_VERSION = 5.0;
				TARGETED_DEVICE_FAMILY = "1,2";
			};
			name = Debug;
		};
		7F29E9092AA0AA7C0012ED72 /* Release */ = {
			isa = XCBuildConfiguration;
			baseConfigurationReference = 57838ACE9FDCBC871E66FA9C /* Pods-InstaClone.release.xcconfig */;
			buildSettings = {
				ASSETCATALOG_COMPILER_APPICON_NAME = AppIcon;
				ASSETCATALOG_COMPILER_GLOBAL_ACCENT_COLOR_NAME = AccentColor;
				CODE_SIGN_STYLE = Automatic;
				CURRENT_PROJECT_VERSION = 1;
				DEVELOPMENT_TEAM = 2SYS44KBNT;
				GENERATE_INFOPLIST_FILE = YES;
				INFOPLIST_FILE = InstaClone/Info.plist;
				INFOPLIST_KEY_UIApplicationSupportsIndirectInputEvents = YES;
				INFOPLIST_KEY_UILaunchStoryboardName = LaunchScreen;
				INFOPLIST_KEY_UIMainStoryboardFile = Main;
				INFOPLIST_KEY_UISupportedInterfaceOrientations_iPad = "UIInterfaceOrientationPortrait UIInterfaceOrientationPortraitUpsideDown UIInterfaceOrientationLandscapeLeft UIInterfaceOrientationLandscapeRight";
				INFOPLIST_KEY_UISupportedInterfaceOrientations_iPhone = "UIInterfaceOrientationPortrait UIInterfaceOrientationLandscapeLeft UIInterfaceOrientationLandscapeRight";
				LD_RUNPATH_SEARCH_PATHS = (
					"$(inherited)",
					"@executable_path/Frameworks",
				);
				MARKETING_VERSION = 1.0;
				PRODUCT_BUNDLE_IDENTIFIER = com.berkgulsen.InstaClone;
				PRODUCT_NAME = "$(TARGET_NAME)";
				SWIFT_EMIT_LOC_STRINGS = YES;
				SWIFT_VERSION = 5.0;
				TARGETED_DEVICE_FAMILY = "1,2";
			};
			name = Release;
		};
/* End XCBuildConfiguration section */

/* Begin XCConfigurationList section */
		7F29E8EB2AA0AA7B0012ED72 /* Build configuration list for PBXProject "InstaClone" */ = {
			isa = XCConfigurationList;
			buildConfigurations = (
				7F29E9052AA0AA7C0012ED72 /* Debug */,
				7F29E9062AA0AA7C0012ED72 /* Release */,
			);
			defaultConfigurationIsVisible = 0;
			defaultConfigurationName = Release;
		};
		7F29E9072AA0AA7C0012ED72 /* Build configuration list for PBXNativeTarget "InstaClone" */ = {
			isa = XCConfigurationList;
			buildConfigurations = (
				7F29E9082AA0AA7C0012ED72 /* Debug */,
				7F29E9092AA0AA7C0012ED72 /* Release */,
			);
			defaultConfigurationIsVisible = 0;
			defaultConfigurationName = Release;
		};
/* End XCConfigurationList section */

/* Begin XCVersionGroup section */
		7F29E8FC2AA0AA7B0012ED72 /* InstaClone.xcdatamodeld */ = {
			isa = XCVersionGroup;
			children = (
				7F29E8FD2AA0AA7B0012ED72 /* InstaClone.xcdatamodel */,
			);
			currentVersion = 7F29E8FD2AA0AA7B0012ED72 /* InstaClone.xcdatamodel */;
			path = InstaClone.xcdatamodeld;
			sourceTree = "<group>";
			versionGroupType = wrapper.xcdatamodel;
		};
/* End XCVersionGroup section */
	};
	rootObject = 7F29E8E82AA0AA7B0012ED72 /* Project object */;
}
